# This file is automatically @generated by Poetry 2.1.3 and should not be changed by hand.

[[package]]
name = "dishka"
version = "1.7.2"
description = "Cute DI framework with scopes and agreeable API"
optional = false
python-versions = ">=3.10"
groups = ["main"]
files = [
    {file = "dishka-1.7.2-py3-none-any.whl", hash = "sha256:f6faa6ab321903926b825b3337d77172ee693450279b314434864978d01fbad3"},
    {file = "dishka-1.7.2.tar.gz", hash = "sha256:47d4cb5162b28c61bf5541860e605ed5eaf5c667122299c7ef657c86fc8d5a49"},
]

[metadata]
lock-version = "2.1"
python-versions = ">=3.12"
content-hash = "1b74db31d9f78690d0c1003f082e0ee6cc3046d130378bd095a7c0d17b4aabd6"
